<?xml version="1.0" encoding="utf-8"?>
<Project ToolsVersion="4.0" xmlns="http://schemas.microsoft.com/developer/msbuild/2003">
  <ItemGroup>
    <Filter Include="Client">
      <UniqueIdentifier>{634754bd-1986-4923-84d0-9a16a21d55e6}</UniqueIdentifier>
    </Filter>
    <Filter Include="Display">
      <UniqueIdentifier>{d16ae62e-49bb-41f4-a4bd-a079c6d9e52b}</UniqueIdentifier>
    </Filter>
    <Filter Include="출력참고용">
      <UniqueIdentifier>{93995380-89BD-4b04-88EB-625FBE52EBFB}</UniqueIdentifier>
      <Extensions>h;hh;hpp;hxx;h++;hm;inl;inc;ipp;xsd</Extensions>
    </Filter>
  </ItemGroup>
  <ItemGroup>
    <ClCompile Include="main.cpp">
      <Filter>Client</Filter>
    </ClCompile>
    <ClCompile Include="Client.cpp">
      <Filter>Client</Filter>
    </ClCompile>
    <ClCompile Include="ClientFunc.cpp">
      <Filter>Client</Filter>
    </ClCompile>
  </ItemGroup>
  <ItemGroup>
    <ClInclude Include="Position.h">
      <Filter>출력참고용</Filter>
    </ClInclude>
    <ClInclude Include="Client.h">
      <Filter>Client</Filter>
    </ClInclude>
    <ClInclude Include="ClientBase.h">
      <Filter>Client</Filter>
    </ClInclude>
    <ClInclude Include="Display.h">
      <Filter>Display</Filter>
    </ClInclude>
    <ClInclude Include="LoginDisplay.h">
      <Filter>Display</Filter>
    </ClInclude>
    <ClInclude Include="LobbyDisplay.h">
      <Filter>Display</Filter>
    </ClInclude>
    <ClInclude Include="RoomDisplay.h">
      <Filter>Display</Filter>
    </ClInclude>
  </ItemGroup>
</Project>