<?xml version="1.0" encoding="utf-8"?>
<Project ToolsVersion="4.0" xmlns="http://schemas.microsoft.com/developer/msbuild/2003">
  <ItemGroup>
    <Filter Include="ChatServer">
      <UniqueIdentifier>{4f7c2904-4bcc-4494-a8af-e1c2af20247b}</UniqueIdentifier>
    </Filter>
    <Filter Include="LogicProcess">
      <UniqueIdentifier>{ca0944a5-1d13-496e-9a74-bbd00edd8c0c}</UniqueIdentifier>
    </Filter>
    <Filter Include="SendServer">
      <UniqueIdentifier>{f9b728c6-86b8-45fc-8286-ad5769a09b2e}</UniqueIdentifier>
    </Filter>
    <Filter Include="IOCPServer">
      <UniqueIdentifier>{139b6522-9f93-4b07-858c-b5e5043eed5f}</UniqueIdentifier>
    </Filter>
    <Filter Include="Utility">
      <UniqueIdentifier>{cb574858-ac3c-4c43-96b9-1385a585672d}</UniqueIdentifier>
    </Filter>
  </ItemGroup>
  <ItemGroup>
    <ClCompile Include="ChatServer.cpp">
      <Filter>ChatServer</Filter>
    </ClCompile>
    <ClCompile Include="LogicProcess.cpp">
      <Filter>LogicProcess</Filter>
    </ClCompile>
    <ClCompile Include="UserManager.cpp">
      <Filter>ChatServer</Filter>
    </ClCompile>
    <ClCompile Include="main.cpp">
      <Filter>ChatServer</Filter>
    </ClCompile>
    <ClCompile Include="IOCPServer.cpp">
      <Filter>IOCPServer</Filter>
    </ClCompile>
    <ClCompile Include="Session.cpp">
      <Filter>IOCPServer</Filter>
    </ClCompile>
  </ItemGroup>
  <ItemGroup>
    <ClInclude Include="ChatServer.h">
      <Filter>ChatServer</Filter>
    </ClInclude>
    <ClInclude Include="LogicProcess.h">
      <Filter>LogicProcess</Filter>
    </ClInclude>
    <ClInclude Include="SendServer.h">
      <Filter>SendServer</Filter>
    </ClInclude>
    <ClInclude Include="ChatUser.h">
      <Filter>ChatServer</Filter>
    </ClInclude>
    <ClInclude Include="UserManager.h">
      <Filter>ChatServer</Filter>
    </ClInclude>
    <ClInclude Include="IOCPServer.h">
      <Filter>IOCPServer</Filter>
    </ClInclude>
    <ClInclude Include="Session.h">
      <Filter>IOCPServer</Filter>
    </ClInclude>
    <ClInclude Include="Room.h">
      <Filter>ChatServer</Filter>
    </ClInclude>
    <ClInclude Include="RoomManager.h">
      <Filter>ChatServer</Filter>
    </ClInclude>
    <ClInclude Include="Log.h">
      <Filter>Utility</Filter>
    </ClInclude>
    <ClInclude Include="unistd.h">
      <Filter>Utility</Filter>
    </ClInclude>
  </ItemGroup>
  <ItemGroup>
    <None Include="packages.config" />
  </ItemGroup>
</Project>