<?xml version="1.0" encoding="utf-8"?>
<Project ToolsVersion="4.0" xmlns="http://schemas.microsoft.com/developer/msbuild/2003">
  <ItemGroup>
    <Filter Include="IOCPServer">
      <UniqueIdentifier>{4FC737F1-C7A5-4376-A066-2A32D752A2FF}</UniqueIdentifier>
      <Extensions>cpp;c;cc;cxx;c++;cppm;ixx;def;odl;idl;hpj;bat;asm;asmx</Extensions>
    </Filter>
    <Filter Include="Packet">
      <UniqueIdentifier>{554454d9-9944-49f8-8512-0dee402fd60c}</UniqueIdentifier>
    </Filter>
    <Filter Include="Network">
      <UniqueIdentifier>{93995380-89BD-4b04-88EB-625FBE52EBFB}</UniqueIdentifier>
      <Extensions>h;hh;hpp;hxx;h++;hm;inl;inc;ipp;xsd</Extensions>
    </Filter>
    <Filter Include="Util">
      <UniqueIdentifier>{d64a2977-382f-41d7-ad59-b23245b8d13d}</UniqueIdentifier>
    </Filter>
  </ItemGroup>
  <ItemGroup>
    <ClCompile Include="IOCPServer.cpp">
      <Filter>IOCPServer</Filter>
    </ClCompile>
    <ClCompile Include="Session.cpp">
      <Filter>Network</Filter>
    </ClCompile>
  </ItemGroup>
  <ItemGroup>
    <ClInclude Include="IOCPServer.h">
      <Filter>IOCPServer</Filter>
    </ClInclude>
    <ClInclude Include="Session.h">
      <Filter>Network</Filter>
    </ClInclude>
    <ClInclude Include="IoData.h">
      <Filter>Network</Filter>
    </ClInclude>
    <ClInclude Include="Stream.h">
      <Filter>Network</Filter>
    </ClInclude>
    <ClInclude Include="Packet.h">
      <Filter>Packet</Filter>
    </ClInclude>
    <ClInclude Include="ToString.h">
      <Filter>Util</Filter>
    </ClInclude>
    <ClInclude Include="PacketFactory.h">
      <Filter>Packet</Filter>
    </ClInclude>
    <ClInclude Include="Package.h">
      <Filter>Packet</Filter>
    </ClInclude>
  </ItemGroup>
</Project>